
Microsoft Visual Studio Solution File, Format Version 12.00
# Visual Studio Version 17
VisualStudioVersion = 17.11.35222.181
MinimumVisualStudioVersion = 10.0.40219.1
Project("{FAE04EC0-301F-11D3-BF4B-00C04F79EFBC}") = "blood_bank", "blood_bank\blood_bank.csproj", "{CE176369-B2D4-435B-A37F-608D76EB0BC2}"
EndProject
Global
	GlobalSection(SolutionConfigurationPlatforms) = preSolution
		Debug|Any CPU = Debug|Any CPU
		Release|Any CPU = Release|Any CPU
	EndGlobalSection
	GlobalSection(ProjectConfigurationPlatforms) = postSolution
		{CE176369-B2D4-435B-A37F-608D76EB0BC2}.Debug|Any CPU.ActiveCfg = Debug|Any CPU
		{CE176369-B2D4-435B-A37F-608D76EB0BC2}.Debug|Any CPU.Build.0 = Debug|Any CPU
		{CE176369-B2D4-435B-A37F-608D76EB0BC2}.Release|Any CPU.ActiveCfg = Release|Any CPU
		{CE176369-B2D4-435B-A37F-608D76EB0BC2}.Release|Any CPU.Build.0 = Release|Any CPU
	EndGlobalSection
	GlobalSection(SolutionProperties) = preSolution
		HideSolutionNode = FALSE
	EndGlobalSection
	GlobalSection(ExtensibilityGlobals) = postSolution
		SolutionGuid = {F24DD1EF-3CF2-4503-A328-3D1C7E701CB7}
	EndGlobalSection
EndGlobal
